// !$*UTF8*$!
{
	archiveVersion = 1;
	classes = {
	};
	objectVersion = 55;
	objects = {

/* Begin PBXBuildFile section */
		130125FC283E80F80024FEF7 /* Assets.xcassets in Resources */ = {isa = PBXBuildFile; fileRef = 130125FB283E80F80024FEF7 /* Assets.xcassets */; };
		130125FF283E80F80024FEF7 /* Preview Assets.xcassets in Resources */ = {isa = PBXBuildFile; fileRef = 130125FE283E80F80024FEF7 /* Preview Assets.xcassets */; };
		13012609283E80F80024FEF7 /* FructusTests.swift in Sources */ = {isa = PBXBuildFile; fileRef = 13012608283E80F80024FEF7 /* FructusTests.swift */; };
		13012613283E80F80024FEF7 /* FructusUITests.swift in Sources */ = {isa = PBXBuildFile; fileRef = 13012612283E80F80024FEF7 /* FructusUITests.swift */; };
		13012615283E80F80024FEF7 /* FructusUITestsLaunchTests.swift in Sources */ = {isa = PBXBuildFile; fileRef = 13012614283E80F80024FEF7 /* FructusUITestsLaunchTests.swift */; };
		135DE2FD283EB7D5003CF75A /* FruitRowView.swift in Sources */ = {isa = PBXBuildFile; fileRef = 135DE2FC283EB7D5003CF75A /* FruitRowView.swift */; };
		135DE2FF283F2BA7003CF75A /* FruitDetailView.swift in Sources */ = {isa = PBXBuildFile; fileRef = 135DE2FE283F2BA7003CF75A /* FruitDetailView.swift */; };
		135DE301283F2F6E003CF75A /* FruitHeaderView.swift in Sources */ = {isa = PBXBuildFile; fileRef = 135DE300283F2F6E003CF75A /* FruitHeaderView.swift */; };
		135DE303283F328A003CF75A /* SourceLinkView.swift in Sources */ = {isa = PBXBuildFile; fileRef = 135DE302283F328A003CF75A /* SourceLinkView.swift */; };
		135DE305283FE232003CF75A /* FruitNutrientsView.swift in Sources */ = {isa = PBXBuildFile; fileRef = 135DE304283FE232003CF75A /* FruitNutrientsView.swift */; };
		135DE307283FED6A003CF75A /* RawRepresentable+Extensions.swift in Sources */ = {isa = PBXBuildFile; fileRef = 135DE306283FED6A003CF75A /* RawRepresentable+Extensions.swift */; };
		138223C9283E828500616663 /* FruitCardView.swift in Sources */ = {isa = PBXBuildFile; fileRef = 138223C8283E828500616663 /* FruitCardView.swift */; };
		138223CC283E829200616663 /* FructusApp.swift in Sources */ = {isa = PBXBuildFile; fileRef = 138223CA283E829200616663 /* FructusApp.swift */; };
		138223CD283E829200616663 /* ContentView.swift in Sources */ = {isa = PBXBuildFile; fileRef = 138223CB283E829200616663 /* ContentView.swift */; };
		138223CF283E8A6F00616663 /* StartButtonView.swift in Sources */ = {isa = PBXBuildFile; fileRef = 138223CE283E8A6F00616663 /* StartButtonView.swift */; };
		138223D1283E8E2E00616663 /* OnboardingView.swift in Sources */ = {isa = PBXBuildFile; fileRef = 138223D0283E8E2E00616663 /* OnboardingView.swift */; };
		13885E232840012A0063C27F /* SettingsView.swift in Sources */ = {isa = PBXBuildFile; fileRef = 13885E222840012A0063C27F /* SettingsView.swift */; };
		13885E25284005A50063C27F /* SettingsLabelView.swift in Sources */ = {isa = PBXBuildFile; fileRef = 13885E24284005A50063C27F /* SettingsLabelView.swift */; };
		13885E2728400E2A0063C27F /* SettingsRowView.swift in Sources */ = {isa = PBXBuildFile; fileRef = 13885E2628400E2A0063C27F /* SettingsRowView.swift */; };
		13B7A35F283E9DDC00BC4360 /* FruitData.swift in Sources */ = {isa = PBXBuildFile; fileRef = 13B7A35E283E9DDC00BC4360 /* FruitData.swift */; };
		13D2B7D5283E944B007BF929 /* FruitModel.swift in Sources */ = {isa = PBXBuildFile; fileRef = 13D2B7D4283E944B007BF929 /* FruitModel.swift */; };
/* End PBXBuildFile section */

/* Begin PBXContainerItemProxy section */
		13012605283E80F80024FEF7 /* PBXContainerItemProxy */ = {
			isa = PBXContainerItemProxy;
			containerPortal = 130125EC283E80F70024FEF7 /* Project object */;
			proxyType = 1;
			remoteGlobalIDString = 130125F3283E80F70024FEF7;
			remoteInfo = Fructus;
		};
		1301260F283E80F80024FEF7 /* PBXContainerItemProxy */ = {
			isa = PBXContainerItemProxy;
			containerPortal = 130125EC283E80F70024FEF7 /* Project object */;
			proxyType = 1;
			remoteGlobalIDString = 130125F3283E80F70024FEF7;
			remoteInfo = Fructus;
		};
/* End PBXContainerItemProxy section */

/* Begin PBXFileReference section */
		130125F4283E80F70024FEF7 /* Fructus.app */ = {isa = PBXFileReference; explicitFileType = wrapper.application; includeInIndex = 0; path = Fructus.app; sourceTree = BUILT_PRODUCTS_DIR; };
		130125FB283E80F80024FEF7 /* Assets.xcassets */ = {isa = PBXFileReference; lastKnownFileType = folder.assetcatalog; path = Assets.xcassets; sourceTree = "<group>"; };
		130125FE283E80F80024FEF7 /* Preview Assets.xcassets */ = {isa = PBXFileReference; lastKnownFileType = folder.assetcatalog; path = "Preview Assets.xcassets"; sourceTree = "<group>"; };
		13012604283E80F80024FEF7 /* FructusTests.xctest */ = {isa = PBXFileReference; explicitFileType = wrapper.cfbundle; includeInIndex = 0; path = FructusTests.xctest; sourceTree = BUILT_PRODUCTS_DIR; };
		13012608283E80F80024FEF7 /* FructusTests.swift */ = {isa = PBXFileReference; lastKnownFileType = sourcecode.swift; path = FructusTests.swift; sourceTree = "<group>"; };
		1301260E283E80F80024FEF7 /* FructusUITests.xctest */ = {isa = PBXFileReference; explicitFileType = wrapper.cfbundle; includeInIndex = 0; path = FructusUITests.xctest; sourceTree = BUILT_PRODUCTS_DIR; };
		13012612283E80F80024FEF7 /* FructusUITests.swift */ = {isa = PBXFileReference; lastKnownFileType = sourcecode.swift; path = FructusUITests.swift; sourceTree = "<group>"; };
		13012614283E80F80024FEF7 /* FructusUITestsLaunchTests.swift */ = {isa = PBXFileReference; lastKnownFileType = sourcecode.swift; path = FructusUITestsLaunchTests.swift; sourceTree = "<group>"; };
		135DE2FC283EB7D5003CF75A /* FruitRowView.swift */ = {isa = PBXFileReference; lastKnownFileType = sourcecode.swift; path = FruitRowView.swift; sourceTree = "<group>"; };
		135DE2FE283F2BA7003CF75A /* FruitDetailView.swift */ = {isa = PBXFileReference; lastKnownFileType = sourcecode.swift; path = FruitDetailView.swift; sourceTree = "<group>"; };
		135DE300283F2F6E003CF75A /* FruitHeaderView.swift */ = {isa = PBXFileReference; lastKnownFileType = sourcecode.swift; path = FruitHeaderView.swift; sourceTree = "<group>"; };
		135DE302283F328A003CF75A /* SourceLinkView.swift */ = {isa = PBXFileReference; lastKnownFileType = sourcecode.swift; path = SourceLinkView.swift; sourceTree = "<group>"; };
		135DE304283FE232003CF75A /* FruitNutrientsView.swift */ = {isa = PBXFileReference; lastKnownFileType = sourcecode.swift; path = FruitNutrientsView.swift; sourceTree = "<group>"; };
		135DE306283FED6A003CF75A /* RawRepresentable+Extensions.swift */ = {isa = PBXFileReference; lastKnownFileType = sourcecode.swift; path = "RawRepresentable+Extensions.swift"; sourceTree = "<group>"; };
		138223C8283E828500616663 /* FruitCardView.swift */ = {isa = PBXFileReference; fileEncoding = 4; lastKnownFileType = sourcecode.swift; path = FruitCardView.swift; sourceTree = "<group>"; };
		138223CA283E829200616663 /* FructusApp.swift */ = {isa = PBXFileReference; fileEncoding = 4; lastKnownFileType = sourcecode.swift; path = FructusApp.swift; sourceTree = "<group>"; };
		138223CB283E829200616663 /* ContentView.swift */ = {isa = PBXFileReference; fileEncoding = 4; lastKnownFileType = sourcecode.swift; path = ContentView.swift; sourceTree = "<group>"; };
		138223CE283E8A6F00616663 /* StartButtonView.swift */ = {isa = PBXFileReference; lastKnownFileType = sourcecode.swift; path = StartButtonView.swift; sourceTree = "<group>"; };
		138223D0283E8E2E00616663 /* OnboardingView.swift */ = {isa = PBXFileReference; lastKnownFileType = sourcecode.swift; path = OnboardingView.swift; sourceTree = "<group>"; };
		13885E222840012A0063C27F /* SettingsView.swift */ = {isa = PBXFileReference; lastKnownFileType = sourcecode.swift; path = SettingsView.swift; sourceTree = "<group>"; };
		13885E24284005A50063C27F /* SettingsLabelView.swift */ = {isa = PBXFileReference; lastKnownFileType = sourcecode.swift; path = SettingsLabelView.swift; sourceTree = "<group>"; };
		13885E2628400E2A0063C27F /* SettingsRowView.swift */ = {isa = PBXFileReference; lastKnownFileType = sourcecode.swift; path = SettingsRowView.swift; sourceTree = "<group>"; };
		13B7A35E283E9DDC00BC4360 /* FruitData.swift */ = {isa = PBXFileReference; lastKnownFileType = sourcecode.swift; path = FruitData.swift; sourceTree = "<group>"; };
		13B7A360283EAAAC00BC4360 /* Fructus.entitlements */ = {isa = PBXFileReference; lastKnownFileType = text.plist.entitlements; path = Fructus.entitlements; sourceTree = "<group>"; };
		13D2B7D4283E944B007BF929 /* FruitModel.swift */ = {isa = PBXFileReference; lastKnownFileType = sourcecode.swift; path = FruitModel.swift; sourceTree = "<group>"; };
/* End PBXFileReference section */

/* Begin PBXFrameworksBuildPhase section */
		130125F1283E80F70024FEF7 /* Frameworks */ = {
			isa = PBXFrameworksBuildPhase;
			buildActionMask = 2147483647;
			files = (
			);
			runOnlyForDeploymentPostprocessing = 0;
		};
		13012601283E80F80024FEF7 /* Frameworks */ = {
			isa = PBXFrameworksBuildPhase;
			buildActionMask = 2147483647;
			files = (
			);
			runOnlyForDeploymentPostprocessing = 0;
		};
		1301260B283E80F80024FEF7 /* Frameworks */ = {
			isa = PBXFrameworksBuildPhase;
			buildActionMask = 2147483647;
			files = (
			);
			runOnlyForDeploymentPostprocessing = 0;
		};
/* End PBXFrameworksBuildPhase section */

/* Begin PBXGroup section */
		130125EB283E80F70024FEF7 = {
			isa = PBXGroup;
			children = (
				130125F6283E80F70024FEF7 /* Fructus */,
				13012607283E80F80024FEF7 /* FructusTests */,
				13012611283E80F80024FEF7 /* FructusUITests */,
				130125F5283E80F70024FEF7 /* Products */,
			);
			indentWidth = 2;
			sourceTree = "<group>";
			tabWidth = 2;
		};
		130125F5283E80F70024FEF7 /* Products */ = {
			isa = PBXGroup;
			children = (
				130125F4283E80F70024FEF7 /* Fructus.app */,
				13012604283E80F80024FEF7 /* FructusTests.xctest */,
				1301260E283E80F80024FEF7 /* FructusUITests.xctest */,
			);
			name = Products;
			sourceTree = "<group>";
		};
		130125F6283E80F70024FEF7 /* Fructus */ = {
			isa = PBXGroup;
			children = (
				13B7A360283EAAAC00BC4360 /* Fructus.entitlements */,
				13B7A35D283E9DCD00BC4360 /* Data */,
				13D2B7D3283E9434007BF929 /* Model */,
				13034E75283E822800369CAA /* View */,
				13034E74283E822300369CAA /* App */,
				130125FB283E80F80024FEF7 /* Assets.xcassets */,
				130125FD283E80F80024FEF7 /* Preview Content */,
			);
			path = Fructus;
			sourceTree = "<group>";
		};
		130125FD283E80F80024FEF7 /* Preview Content */ = {
			isa = PBXGroup;
			children = (
				130125FE283E80F80024FEF7 /* Preview Assets.xcassets */,
			);
			path = "Preview Content";
			sourceTree = "<group>";
		};
		13012607283E80F80024FEF7 /* FructusTests */ = {
			isa = PBXGroup;
			children = (
				13012608283E80F80024FEF7 /* FructusTests.swift */,
			);
			path = FructusTests;
			sourceTree = "<group>";
		};
		13012611283E80F80024FEF7 /* FructusUITests */ = {
			isa = PBXGroup;
			children = (
				13012612283E80F80024FEF7 /* FructusUITests.swift */,
				13012614283E80F80024FEF7 /* FructusUITestsLaunchTests.swift */,
			);
			path = FructusUITests;
			sourceTree = "<group>";
		};
		13034E74283E822300369CAA /* App */ = {
			isa = PBXGroup;
			children = (
				138223CB283E829200616663 /* ContentView.swift */,
				138223CA283E829200616663 /* FructusApp.swift */,
				138223D0283E8E2E00616663 /* OnboardingView.swift */,
				13885E222840012A0063C27F /* SettingsView.swift */,
			);
			path = App;
			sourceTree = "<group>";
		};
		13034E75283E822800369CAA /* View */ = {
			isa = PBXGroup;
			children = (
				138223C8283E828500616663 /* FruitCardView.swift */,
				138223CE283E8A6F00616663 /* StartButtonView.swift */,
				135DE2FC283EB7D5003CF75A /* FruitRowView.swift */,
				135DE2FE283F2BA7003CF75A /* FruitDetailView.swift */,
				135DE300283F2F6E003CF75A /* FruitHeaderView.swift */,
				135DE302283F328A003CF75A /* SourceLinkView.swift */,
				135DE304283FE232003CF75A /* FruitNutrientsView.swift */,
				135DE306283FED6A003CF75A /* RawRepresentable+Extensions.swift */,
				13885E24284005A50063C27F /* SettingsLabelView.swift */,
				13885E2628400E2A0063C27F /* SettingsRowView.swift */,
			);
			path = View;
			sourceTree = "<group>";
		};
		13B7A35D283E9DCD00BC4360 /* Data */ = {
			isa = PBXGroup;
			children = (
				13B7A35E283E9DDC00BC4360 /* FruitData.swift */,
			);
			path = Data;
			sourceTree = "<group>";
		};
		13D2B7D3283E9434007BF929 /* Model */ = {
			isa = PBXGroup;
			children = (
				13D2B7D4283E944B007BF929 /* FruitModel.swift */,
			);
			path = Model;
			sourceTree = "<group>";
		};
/* End PBXGroup section */

/* Begin PBXNativeTarget section */
		130125F3283E80F70024FEF7 /* Fructus */ = {
			isa = PBXNativeTarget;
			buildConfigurationList = 13012618283E80F80024FEF7 /* Build configuration list for PBXNativeTarget "Fructus" */;
			buildPhases = (
				130125F0283E80F70024FEF7 /* Sources */,
				130125F1283E80F70024FEF7 /* Frameworks */,
				130125F2283E80F70024FEF7 /* Resources */,
			);
			buildRules = (
			);
			dependencies = (
			);
			name = Fructus;
			productName = Fructus;
			productReference = 130125F4283E80F70024FEF7 /* Fructus.app */;
			productType = "com.apple.product-type.application";
		};
		13012603283E80F80024FEF7 /* FructusTests */ = {
			isa = PBXNativeTarget;
			buildConfigurationList = 1301261B283E80F80024FEF7 /* Build configuration list for PBXNativeTarget "FructusTests" */;
			buildPhases = (
				13012600283E80F80024FEF7 /* Sources */,
				13012601283E80F80024FEF7 /* Frameworks */,
				13012602283E80F80024FEF7 /* Resources */,
			);
			buildRules = (
			);
			dependencies = (
				13012606283E80F80024FEF7 /* PBXTargetDependency */,
			);
			name = FructusTests;
			productName = FructusTests;
			productReference = 13012604283E80F80024FEF7 /* FructusTests.xctest */;
			productType = "com.apple.product-type.bundle.unit-test";
		};
		1301260D283E80F80024FEF7 /* FructusUITests */ = {
			isa = PBXNativeTarget;
			buildConfigurationList = 1301261E283E80F80024FEF7 /* Build configuration list for PBXNativeTarget "FructusUITests" */;
			buildPhases = (
				1301260A283E80F80024FEF7 /* Sources */,
				1301260B283E80F80024FEF7 /* Frameworks */,
				1301260C283E80F80024FEF7 /* Resources */,
			);
			buildRules = (
			);
			dependencies = (
				13012610283E80F80024FEF7 /* PBXTargetDependency */,
			);
			name = FructusUITests;
			productName = FructusUITests;
			productReference = 1301260E283E80F80024FEF7 /* FructusUITests.xctest */;
			productType = "com.apple.product-type.bundle.ui-testing";
		};
/* End PBXNativeTarget section */

/* Begin PBXProject section */
		130125EC283E80F70024FEF7 /* Project object */ = {
			isa = PBXProject;
			attributes = {
				BuildIndependentTargetsInParallel = 1;
				LastSwiftUpdateCheck = 1340;
				LastUpgradeCheck = 1340;
				TargetAttributes = {
					130125F3283E80F70024FEF7 = {
						CreatedOnToolsVersion = 13.4;
						LastSwiftMigration = 1340;
					};
					13012603283E80F80024FEF7 = {
						CreatedOnToolsVersion = 13.4;
						TestTargetID = 130125F3283E80F70024FEF7;
					};
					1301260D283E80F80024FEF7 = {
						CreatedOnToolsVersion = 13.4;
						TestTargetID = 130125F3283E80F70024FEF7;
					};
				};
			};
			buildConfigurationList = 130125EF283E80F70024FEF7 /* Build configuration list for PBXProject "Fructus" */;
			compatibilityVersion = "Xcode 13.0";
			developmentRegion = en;
			hasScannedForEncodings = 0;
			knownRegions = (
				en,
				Base,
			);
			mainGroup = 130125EB283E80F70024FEF7;
			productRefGroup = 130125F5283E80F70024FEF7 /* Products */;
			projectDirPath = "";
			projectRoot = "";
			targets = (
				130125F3283E80F70024FEF7 /* Fructus */,
				13012603283E80F80024FEF7 /* FructusTests */,
				1301260D283E80F80024FEF7 /* FructusUITests */,
			);
		};
/* End PBXProject section */

/* Begin PBXResourcesBuildPhase section */
		130125F2283E80F70024FEF7 /* Resources */ = {
			isa = PBXResourcesBuildPhase;
			buildActionMask = 2147483647;
			files = (
				130125FF283E80F80024FEF7 /* Preview Assets.xcassets in Resources */,
				130125FC283E80F80024FEF7 /* Assets.xcassets in Resources */,
			);
			runOnlyForDeploymentPostprocessing = 0;
		};
		13012602283E80F80024FEF7 /* Resources */ = {
			isa = PBXResourcesBuildPhase;
			buildActionMask = 2147483647;
			files = (
			);
			runOnlyForDeploymentPostprocessing = 0;
		};
		1301260C283E80F80024FEF7 /* Resources */ = {
			isa = PBXResourcesBuildPhase;
			buildActionMask = 2147483647;
			files = (
			);
			runOnlyForDeploymentPostprocessing = 0;
		};
/* End PBXResourcesBuildPhase section */

/* Begin PBXSourcesBuildPhase section */
		130125F0283E80F70024FEF7 /* Sources */ = {
			isa = PBXSourcesBuildPhase;
			buildActionMask = 2147483647;
			files = (
				13B7A35F283E9DDC00BC4360 /* FruitData.swift in Sources */,
				138223CC283E829200616663 /* FructusApp.swift in Sources */,
				135DE303283F328A003CF75A /* SourceLinkView.swift in Sources */,
				135DE2FD283EB7D5003CF75A /* FruitRowView.swift in Sources */,
				13885E2728400E2A0063C27F /* SettingsRowView.swift in Sources */,
				135DE305283FE232003CF75A /* FruitNutrientsView.swift in Sources */,
				138223CF283E8A6F00616663 /* StartButtonView.swift in Sources */,
				135DE2FF283F2BA7003CF75A /* FruitDetailView.swift in Sources */,
				13885E232840012A0063C27F /* SettingsView.swift in Sources */,
				138223C9283E828500616663 /* FruitCardView.swift in Sources */,
				135DE307283FED6A003CF75A /* RawRepresentable+Extensions.swift in Sources */,
				135DE301283F2F6E003CF75A /* FruitHeaderView.swift in Sources */,
				138223D1283E8E2E00616663 /* OnboardingView.swift in Sources */,
				13885E25284005A50063C27F /* SettingsLabelView.swift in Sources */,
				13D2B7D5283E944B007BF929 /* FruitModel.swift in Sources */,
				138223CD283E829200616663 /* ContentView.swift in Sources */,
			);
			runOnlyForDeploymentPostprocessing = 0;
		};
		13012600283E80F80024FEF7 /* Sources */ = {
			isa = PBXSourcesBuildPhase;
			buildActionMask = 2147483647;
			files = (
				13012609283E80F80024FEF7 /* FructusTests.swift in Sources */,
			);
			runOnlyForDeploymentPostprocessing = 0;
		};
		1301260A283E80F80024FEF7 /* Sources */ = {
			isa = PBXSourcesBuildPhase;
			buildActionMask = 2147483647;
			files = (
				13012613283E80F80024FEF7 /* FructusUITests.swift in Sources */,
				13012615283E80F80024FEF7 /* FructusUITestsLaunchTests.swift in Sources */,
			);
			runOnlyForDeploymentPostprocessing = 0;
		};
/* End PBXSourcesBuildPhase section */

/* Begin PBXTargetDependency section */
		13012606283E80F80024FEF7 /* PBXTargetDependency */ = {
			isa = PBXTargetDependency;
			target = 130125F3283E80F70024FEF7 /* Fructus */;
			targetProxy = 13012605283E80F80024FEF7 /* PBXContainerItemProxy */;
		};
		13012610283E80F80024FEF7 /* PBXTargetDependency */ = {
			isa = PBXTargetDependency;
			target = 130125F3283E80F70024FEF7 /* Fructus */;
			targetProxy = 1301260F283E80F80024FEF7 /* PBXContainerItemProxy */;
		};
/* End PBXTargetDependency section */

/* Begin XCBuildConfiguration section */
		13012616283E80F80024FEF7 /* Debug */ = {
			isa = XCBuildConfiguration;
			buildSettings = {
				ALWAYS_SEARCH_USER_PATHS = NO;
				CLANG_ANALYZER_NONNULL = YES;
				CLANG_ANALYZER_NUMBER_OBJECT_CONVERSION = YES_AGGRESSIVE;
				CLANG_CXX_LANGUAGE_STANDARD = "gnu++17";
				CLANG_ENABLE_MODULES = YES;
				CLANG_ENABLE_OBJC_ARC = YES;
				CLANG_ENABLE_OBJC_WEAK = YES;
				CLANG_WARN_BLOCK_CAPTURE_AUTORELEASING = YES;
				CLANG_WARN_BOOL_CONVERSION = YES;
				CLANG_WARN_COMMA = YES;
				CLANG_WARN_CONSTANT_CONVERSION = YES;
				CLANG_WARN_DEPRECATED_OBJC_IMPLEMENTATIONS = YES;
				CLANG_WARN_DIRECT_OBJC_ISA_USAGE = YES_ERROR;
				CLANG_WARN_DOCUMENTATION_COMMENTS = YES;
				CLANG_WARN_EMPTY_BODY = YES;
				CLANG_WARN_ENUM_CONVERSION = YES;
				CLANG_WARN_INFINITE_RECURSION = YES;
				CLANG_WARN_INT_CONVERSION = YES;
				CLANG_WARN_NON_LITERAL_NULL_CONVERSION = YES;
				CLANG_WARN_OBJC_IMPLICIT_RETAIN_SELF = YES;
				CLANG_WARN_OBJC_LITERAL_CONVERSION = YES;
				CLANG_WARN_OBJC_ROOT_CLASS = YES_ERROR;
				CLANG_WARN_QUOTED_INCLUDE_IN_FRAMEWORK_HEADER = YES;
				CLANG_WARN_RANGE_LOOP_ANALYSIS = YES;
				CLANG_WARN_STRICT_PROTOTYPES = YES;
				CLANG_WARN_SUSPICIOUS_MOVE = YES;
				CLANG_WARN_UNGUARDED_AVAILABILITY = YES_AGGRESSIVE;
				CLANG_WARN_UNREACHABLE_CODE = YES;
				CLANG_WARN__DUPLICATE_METHOD_MATCH = YES;
				COPY_PHASE_STRIP = NO;
				DEBUG_INFORMATION_FORMAT = dwarf;
				ENABLE_STRICT_OBJC_MSGSEND = YES;
				ENABLE_TESTABILITY = YES;
				GCC_C_LANGUAGE_STANDARD = gnu11;
				GCC_DYNAMIC_NO_PIC = NO;
				GCC_NO_COMMON_BLOCKS = YES;
				GCC_OPTIMIZATION_LEVEL = 0;
				GCC_PREPROCESSOR_DEFINITIONS = (
					"DEBUG=1",
					"$(inherited)",
				);
				GCC_WARN_64_TO_32_BIT_CONVERSION = YES;
				GCC_WARN_ABOUT_RETURN_TYPE = YES_ERROR;
				GCC_WARN_UNDECLARED_SELECTOR = YES;
				GCC_WARN_UNINITIALIZED_AUTOS = YES_AGGRESSIVE;
				GCC_WARN_UNUSED_FUNCTION = YES;
				GCC_WARN_UNUSED_VARIABLE = YES;
				IPHONEOS_DEPLOYMENT_TARGET = 15.5;
				MTL_ENABLE_DEBUG_INFO = INCLUDE_SOURCE;
				MTL_FAST_MATH = YES;
				ONLY_ACTIVE_ARCH = YES;
				SDKROOT = iphoneos;
				SWIFT_ACTIVE_COMPILATION_CONDITIONS = DEBUG;
				SWIFT_OPTIMIZATION_LEVEL = "-Onone";
			};
			name = Debug;
		};
		13012617283E80F80024FEF7 /* Release */ = {
			isa = XCBuildConfiguration;
			buildSettings = {
				ALWAYS_SEARCH_USER_PATHS = NO;
				CLANG_ANALYZER_NONNULL = YES;
				CLANG_ANALYZER_NUMBER_OBJECT_CONVERSION = YES_AGGRESSIVE;
				CLANG_CXX_LANGUAGE_STANDARD = "gnu++17";
				CLANG_ENABLE_MODULES = YES;
				CLANG_ENABLE_OBJC_ARC = YES;
				CLANG_ENABLE_OBJC_WEAK = YES;
				CLANG_WARN_BLOCK_CAPTURE_AUTORELEASING = YES;
				CLANG_WARN_BOOL_CONVERSION = YES;
				CLANG_WARN_COMMA = YES;
				CLANG_WARN_CONSTANT_CONVERSION = YES;
				CLANG_WARN_DEPRECATED_OBJC_IMPLEMENTATIONS = YES;
				CLANG_WARN_DIRECT_OBJC_ISA_USAGE = YES_ERROR;
				CLANG_WARN_DOCUMENTATION_COMMENTS = YES;
				CLANG_WARN_EMPTY_BODY = YES;
				CLANG_WARN_ENUM_CONVERSION = YES;
				CLANG_WARN_INFINITE_RECURSION = YES;
				CLANG_WARN_INT_CONVERSION = YES;
				CLANG_WARN_NON_LITERAL_NULL_CONVERSION = YES;
				CLANG_WARN_OBJC_IMPLICIT_RETAIN_SELF = YES;
				CLANG_WARN_OBJC_LITERAL_CONVERSION = YES;
				CLANG_WARN_OBJC_ROOT_CLASS = YES_ERROR;
				CLANG_WARN_QUOTED_INCLUDE_IN_FRAMEWORK_HEADER = YES;
				CLANG_WARN_RANGE_LOOP_ANALYSIS = YES;
				CLANG_WARN_STRICT_PROTOTYPES = YES;
				CLANG_WARN_SUSPICIOUS_MOVE = YES;
				CLANG_WARN_UNGUARDED_AVAILABILITY = YES_AGGRESSIVE;
				CLANG_WARN_UNREACHABLE_CODE = YES;
				CLANG_WARN__DUPLICATE_METHOD_MATCH = YES;
				COPY_PHASE_STRIP = NO;
				DEBUG_INFORMATION_FORMAT = "dwarf-with-dsym";
				ENABLE_NS_ASSERTIONS = NO;
				ENABLE_STRICT_OBJC_MSGSEND = YES;
				GCC_C_LANGUAGE_STANDARD = gnu11;
				GCC_NO_COMMON_BLOCKS = YES;
				GCC_WARN_64_TO_32_BIT_CONVERSION = YES;
				GCC_WARN_ABOUT_RETURN_TYPE = YES_ERROR;
				GCC_WARN_UNDECLARED_SELECTOR = YES;
				GCC_WARN_UNINITIALIZED_AUTOS = YES_AGGRESSIVE;
				GCC_WARN_UNUSED_FUNCTION = YES;
				GCC_WARN_UNUSED_VARIABLE = YES;
				IPHONEOS_DEPLOYMENT_TARGET = 15.5;
				MTL_ENABLE_DEBUG_INFO = NO;
				MTL_FAST_MATH = YES;
				SDKROOT = iphoneos;
				SWIFT_COMPILATION_MODE = wholemodule;
				SWIFT_OPTIMIZATION_LEVEL = "-O";
				VALIDATE_PRODUCT = YES;
			};
			name = Release;
		};
		13012619283E80F80024FEF7 /* Debug */ = {
			isa = XCBuildConfiguration;
			buildSettings = {
				ASSETCATALOG_COMPILER_APPICON_NAME = AppIcon;
				ASSETCATALOG_COMPILER_GLOBAL_ACCENT_COLOR_NAME = AccentColor;
				CLANG_ENABLE_MODULES = YES;
				CODE_SIGN_ENTITLEMENTS = Fructus/Fructus.entitlements;
				CODE_SIGN_IDENTITY = "Apple Development";
				CODE_SIGN_STYLE = Automatic;
				CURRENT_PROJECT_VERSION = 1;
				DEVELOPMENT_ASSET_PATHS = "\"Fructus/Preview Content\"";
				DEVELOPMENT_TEAM = MG7TUM7M2B;
				ENABLE_PREVIEWS = YES;
				GENERATE_INFOPLIST_FILE = YES;
				INFOPLIST_KEY_UIApplicationSceneManifest_Generation = YES;
				INFOPLIST_KEY_UIApplicationSupportsIndirectInputEvents = YES;
				INFOPLIST_KEY_UILaunchScreen_Generation = YES;
				INFOPLIST_KEY_UISupportedInterfaceOrientations = UIInterfaceOrientationPortrait;
				INFOPLIST_KEY_UISupportedInterfaceOrientations_iPad = "UIInterfaceOrientationPortrait UIInterfaceOrientationPortraitUpsideDown UIInterfaceOrientationLandscapeLeft UIInterfaceOrientationLandscapeRight";
				INFOPLIST_KEY_UISupportedInterfaceOrientations_iPhone = "UIInterfaceOrientationPortrait UIInterfaceOrientationLandscapeLeft UIInterfaceOrientationLandscapeRight";
				IPHONEOS_DEPLOYMENT_TARGET = 15.0;
				LD_RUNPATH_SEARCH_PATHS = (
					"$(inherited)",
					"@executable_path/Frameworks",
				);
				MARKETING_VERSION = 1.0;
				PRODUCT_BUNDLE_IDENTIFIER = org.shaba.Fructus;
				PRODUCT_NAME = "$(TARGET_NAME)";
				PROVISIONING_PROFILE_SPECIFIER = "";
				SWIFT_EMIT_LOC_STRINGS = YES;
				SWIFT_OPTIMIZATION_LEVEL = "-Onone";
				SWIFT_VERSION = 5.0;
				TARGETED_DEVICE_FAMILY = "1,2";
			};
			name = Debug;
		};
		1301261A283E80F80024FEF7 /* Release */ = {
			isa = XCBuildConfiguration;
			buildSettings = {
				ASSETCATALOG_COMPILER_APPICON_NAME = AppIcon;
				ASSETCATALOG_COMPILER_GLOBAL_ACCENT_COLOR_NAME = AccentColor;
				CLANG_ENABLE_MODULES = YES;
				CODE_SIGN_ENTITLEMENTS = Fructus/Fructus.entitlements;
				CODE_SIGN_IDENTITY = "Apple Development";
				CODE_SIGN_STYLE = Automatic;
				CURRENT_PROJECT_VERSION = 1;
				DEVELOPMENT_ASSET_PATHS = "\"Fructus/Preview Content\"";
				DEVELOPMENT_TEAM = MG7TUM7M2B;
				ENABLE_PREVIEWS = YES;
				GENERATE_INFOPLIST_FILE = YES;
				INFOPLIST_KEY_UIApplicationSceneManifest_Generation = YES;
				INFOPLIST_KEY_UIApplicationSupportsIndirectInputEvents = YES;
				INFOPLIST_KEY_UILaunchScreen_Generation = YES;
				INFOPLIST_KEY_UISupportedInterfaceOrientations = UIInterfaceOrientationPortrait;
				INFOPLIST_KEY_UISupportedInterfaceOrientations_iPad = "UIInterfaceOrientationPortrait UIInterfaceOrientationPortraitUpsideDown UIInterfaceOrientationLandscapeLeft UIInterfaceOrientationLandscapeRight";
				INFOPLIST_KEY_UISupportedInterfaceOrientations_iPhone = "UIInterfaceOrientationPortrait UIInterfaceOrientationLandscapeLeft UIInterfaceOrientationLandscapeRight";
				IPHONEOS_DEPLOYMENT_TARGET = 15.0;
				LD_RUNPATH_SEARCH_PATHS = (
					"$(inherited)",
					"@executable_path/Frameworks",
				);
				MARKETING_VERSION = 1.0;
				PRODUCT_BUNDLE_IDENTIFIER = org.shaba.Fructus;
				PRODUCT_NAME = "$(TARGET_NAME)";
				PROVISIONING_PROFILE_SPECIFIER = "";
				SWIFT_EMIT_LOC_STRINGS = YES;
				SWIFT_VERSION = 5.0;
				TARGETED_DEVICE_FAMILY = "1,2";
			};
			name = Release;
		};
		1301261C283E80F80024FEF7 /* Debug */ = {
			isa = XCBuildConfiguration;
			buildSettings = {
				ALWAYS_EMBED_SWIFT_STANDARD_LIBRARIES = YES;
				BUNDLE_LOADER = "$(TEST_HOST)";
				CODE_SIGN_STYLE = Automatic;
				CURRENT_PROJECT_VERSION = 1;
				DEVELOPMENT_TEAM = MG7TUM7M2B;
				GENERATE_INFOPLIST_FILE = YES;
				IPHONEOS_DEPLOYMENT_TARGET = 15.5;
				MARKETING_VERSION = 1.0;
				PRODUCT_BUNDLE_IDENTIFIER = org.shaba.FructusTests;
				PRODUCT_NAME = "$(TARGET_NAME)";
				SWIFT_EMIT_LOC_STRINGS = NO;
				SWIFT_VERSION = 5.0;
				TARGETED_DEVICE_FAMILY = "1,2";
				TEST_HOST = "$(BUILT_PRODUCTS_DIR)/Fructus.app/Fructus";
			};
			name = Debug;
		};
		1301261D283E80F80024FEF7 /* Release */ = {
			isa = XCBuildConfiguration;
			buildSettings = {
				ALWAYS_EMBED_SWIFT_STANDARD_LIBRARIES = YES;
				BUNDLE_LOADER = "$(TEST_HOST)";
				CODE_SIGN_STYLE = Automatic;
				CURRENT_PROJECT_VERSION = 1;
				DEVELOPMENT_TEAM = MG7TUM7M2B;
				GENERATE_INFOPLIST_FILE = YES;
				IPHONEOS_DEPLOYMENT_TARGET = 15.5;
				MARKETING_VERSION = 1.0;
				PRODUCT_BUNDLE_IDENTIFIER = org.shaba.FructusTests;
				PRODUCT_NAME = "$(TARGET_NAME)";
				SWIFT_EMIT_LOC_STRINGS = NO;
				SWIFT_VERSION = 5.0;
				TARGETED_DEVICE_FAMILY = "1,2";
				TEST_HOST = "$(BUILT_PRODUCTS_DIR)/Fructus.app/Fructus";
			};
			name = Release;
		};
		1301261F283E80F80024FEF7 /* Debug */ = {
			isa = XCBuildConfiguration;
			buildSettings = {
				ALWAYS_EMBED_SWIFT_STANDARD_LIBRARIES = YES;
				CODE_SIGN_STYLE = Automatic;
				CURRENT_PROJECT_VERSION = 1;
				DEVELOPMENT_TEAM = MG7TUM7M2B;
				GENERATE_INFOPLIST_FILE = YES;
				MARKETING_VERSION = 1.0;
				PRODUCT_BUNDLE_IDENTIFIER = org.shaba.FructusUITests;
				PRODUCT_NAME = "$(TARGET_NAME)";
				SWIFT_EMIT_LOC_STRINGS = NO;
				SWIFT_VERSION = 5.0;
				TARGETED_DEVICE_FAMILY = "1,2";
				TEST_TARGET_NAME = Fructus;
			};
			name = Debug;
		};
		13012620283E80F80024FEF7 /* Release */ = {
			isa = XCBuildConfiguration;
			buildSettings = {
				ALWAYS_EMBED_SWIFT_STANDARD_LIBRARIES = YES;
				CODE_SIGN_STYLE = Automatic;
				CURRENT_PROJECT_VERSION = 1;
				DEVELOPMENT_TEAM = MG7TUM7M2B;
				GENERATE_INFOPLIST_FILE = YES;
				MARKETING_VERSION = 1.0;
				PRODUCT_BUNDLE_IDENTIFIER = org.shaba.FructusUITests;
				PRODUCT_NAME = "$(TARGET_NAME)";
				SWIFT_EMIT_LOC_STRINGS = NO;
				SWIFT_VERSION = 5.0;
				TARGETED_DEVICE_FAMILY = "1,2";
				TEST_TARGET_NAME = Fructus;
			};
			name = Release;
		};
/* End XCBuildConfiguration section */

/* Begin XCConfigurationList section */
		130125EF283E80F70024FEF7 /* Build configuration list for PBXProject "Fructus" */ = {
			isa = XCConfigurationList;
			buildConfigurations = (
				13012616283E80F80024FEF7 /* Debug */,
				13012617283E80F80024FEF7 /* Release */,
			);
			defaultConfigurationIsVisible = 0;
			defaultConfigurationName = Release;
		};
		13012618283E80F80024FEF7 /* Build configuration list for PBXNativeTarget "Fructus" */ = {
			isa = XCConfigurationList;
			buildConfigurations = (
				13012619283E80F80024FEF7 /* Debug */,
				1301261A283E80F80024FEF7 /* Release */,
			);
			defaultConfigurationIsVisible = 0;
			defaultConfigurationName = Release;
		};
		1301261B283E80F80024FEF7 /* Build configuration list for PBXNativeTarget "FructusTests" */ = {
			isa = XCConfigurationList;
			buildConfigurations = (
				1301261C283E80F80024FEF7 /* Debug */,
				1301261D283E80F80024FEF7 /* Release */,
			);
			defaultConfigurationIsVisible = 0;
			defaultConfigurationName = Release;
		};
		1301261E283E80F80024FEF7 /* Build configuration list for PBXNativeTarget "FructusUITests" */ = {
			isa = XCConfigurationList;
			buildConfigurations = (
				1301261F283E80F80024FEF7 /* Debug */,
				13012620283E80F80024FEF7 /* Release */,
			);
			defaultConfigurationIsVisible = 0;
			defaultConfigurationName = Release;
		};
/* End XCConfigurationList section */
	};
	rootObject = 130125EC283E80F70024FEF7 /* Project object */;
}
